// !$*UTF8*$!
{
	archiveVersion = 1;
	classes = {
	};
	objectVersion = 46;
	objects = {

/* Begin PBXBuildFile section */
		75BF0BA11CA28B2F000BAB8B /* AppDelegate.swift in Sources */ = {isa = PBXBuildFile; fileRef = 75BF0BA01CA28B2F000BAB8B /* AppDelegate.swift */; };
		75BF0BA31CA28B2F000BAB8B /* ViewController.swift in Sources */ = {isa = PBXBuildFile; fileRef = 75BF0BA21CA28B2F000BAB8B /* ViewController.swift */; };
		75BF0BA61CA28B2F000BAB8B /* Main.storyboard in Resources */ = {isa = PBXBuildFile; fileRef = 75BF0BA41CA28B2F000BAB8B /* Main.storyboard */; };
		75BF0BA81CA28B2F000BAB8B /* Assets.xcassets in Resources */ = {isa = PBXBuildFile; fileRef = 75BF0BA71CA28B2F000BAB8B /* Assets.xcassets */; };
		75BF0BAB1CA28B2F000BAB8B /* LaunchScreen.storyboard in Resources */ = {isa = PBXBuildFile; fileRef = 75BF0BA91CA28B2F000BAB8B /* LaunchScreen.storyboard */; };
		75BF0BB31CA28B64000BAB8B /* OneViewController.swift in Sources */ = {isa = PBXBuildFile; fileRef = 75BF0BB21CA28B64000BAB8B /* OneViewController.swift */; };
		75BF0BB51CA28B79000BAB8B /* TwoViewController.swift in Sources */ = {isa = PBXBuildFile; fileRef = 75BF0BB41CA28B79000BAB8B /* TwoViewController.swift */; };
		75BF0BB71CA28B87000BAB8B /* ThreeViewController.swift in Sources */ = {isa = PBXBuildFile; fileRef = 75BF0BB61CA28B87000BAB8B /* ThreeViewController.swift */; };
/* End PBXBuildFile section */

/* Begin PBXFileReference section */
		75BF0B9D1CA28B2F000BAB8B /* CircularRefDemo_Swift.app */ = {isa = PBXFileReference; explicitFileType = wrapper.application; includeInIndex = 0; path = CircularRefDemo_Swift.app; sourceTree = BUILT_PRODUCTS_DIR; };
		75BF0BA01CA28B2F000BAB8B /* AppDelegate.swift */ = {isa = PBXFileReference; lastKnownFileType = sourcecode.swift; path = AppDelegate.swift; sourceTree = "<group>"; };
		75BF0BA21CA28B2F000BAB8B /* ViewController.swift */ = {isa = PBXFileReference; lastKnownFileType = sourcecode.swift; path = ViewController.swift; sourceTree = "<group>"; };
		75BF0BA51CA28B2F000BAB8B /* Base */ = {isa = PBXFileReference; lastKnownFileType = file.storyboard; name = Base; path = Base.lproj/Main.storyboard; sourceTree = "<group>"; };
		75BF0BA71CA28B2F000BAB8B /* Assets.xcassets */ = {isa = PBXFileReference; lastKnownFileType = folder.assetcatalog; path = Assets.xcassets; sourceTree = "<group>"; };
		75BF0BAA1CA28B2F000BAB8B /* Base */ = {isa = PBXFileReference; lastKnownFileType = file.storyboard; name = Base; path = Base.lproj/LaunchScreen.storyboard; sourceTree = "<group>"; };
		75BF0BAC1CA28B2F000BAB8B /* Info.plist */ = {isa = PBXFileReference; lastKnownFileType = text.plist.xml; path = Info.plist; sourceTree = "<group>"; };
		75BF0BB21CA28B64000BAB8B /* OneViewController.swift */ = {isa = PBXFileReference; fileEncoding = 4; lastKnownFileType = sourcecode.swift; path = OneViewController.swift; sourceTree = "<group>"; };
		75BF0BB41CA28B79000BAB8B /* TwoViewController.swift */ = {isa = PBXFileReference; fileEncoding = 4; lastKnownFileType = sourcecode.swift; path = TwoViewController.swift; sourceTree = "<group>"; };
		75BF0BB61CA28B87000BAB8B /* ThreeViewController.swift */ = {isa = PBXFileReference; fileEncoding = 4; lastKnownFileType = sourcecode.swift; path = ThreeViewController.swift; sourceTree = "<group>"; };
/* End PBXFileReference section */

/* Begin PBXFrameworksBuildPhase section */
		75BF0B9A1CA28B2F000BAB8B /* Frameworks */ = {
			isa = PBXFrameworksBuildPhase;
			buildActionMask = 2147483647;
			files = (
			);
			runOnlyForDeploymentPostprocessing = 0;
		};
/* End PBXFrameworksBuildPhase section */

/* Begin PBXGroup section */
		75BF0B941CA28B2F000BAB8B = {
			isa = PBXGroup;
			children = (
				75BF0B9F1CA28B2F000BAB8B /* CircularRefDemo_Swift */,
				75BF0B9E1CA28B2F000BAB8B /* Products */,
			);
			sourceTree = "<group>";
		};
		75BF0B9E1CA28B2F000BAB8B /* Products */ = {
			isa = PBXGroup;
			children = (
				75BF0B9D1CA28B2F000BAB8B /* CircularRefDemo_Swift.app */,
			);
			name = Products;
			sourceTree = "<group>";
		};
		75BF0B9F1CA28B2F000BAB8B /* CircularRefDemo_Swift */ = {
			isa = PBXGroup;
			children = (
				75BF0BA01CA28B2F000BAB8B /* AppDelegate.swift */,
				75BF0BA21CA28B2F000BAB8B /* ViewController.swift */,
				75BF0BB21CA28B64000BAB8B /* OneViewController.swift */,
				75BF0BB41CA28B79000BAB8B /* TwoViewController.swift */,
				75BF0BB61CA28B87000BAB8B /* ThreeViewController.swift */,
				75BF0BA41CA28B2F000BAB8B /* Main.storyboard */,
				75BF0BA71CA28B2F000BAB8B /* Assets.xcassets */,
				75BF0BA91CA28B2F000BAB8B /* LaunchScreen.storyboard */,
				75BF0BAC1CA28B2F000BAB8B /* Info.plist */,
			);
			path = CircularRefDemo_Swift;
			sourceTree = "<group>";
		};
/* End PBXGroup section */

/* Begin PBXNativeTarget section */
		75BF0B9C1CA28B2F000BAB8B /* CircularRefDemo_Swift */ = {
			isa = PBXNativeTarget;
			buildConfigurationList = 75BF0BAF1CA28B2F000BAB8B /* Build configuration list for PBXNativeTarget "CircularRefDemo_Swift" */;
			buildPhases = (
				75BF0B991CA28B2F000BAB8B /* Sources */,
				75BF0B9A1CA28B2F000BAB8B /* Frameworks */,
				75BF0B9B1CA28B2F000BAB8B /* Resources */,
			);
			buildRules = (
			);
			dependencies = (
			);
			name = CircularRefDemo_Swift;
			productName = CircularRefDemo_Swift;
			productReference = 75BF0B9D1CA28B2F000BAB8B /* CircularRefDemo_Swift.app */;
			productType = "com.apple.product-type.application";
		};
/* End PBXNativeTarget section */

/* Begin PBXProject section */
		75BF0B951CA28B2F000BAB8B /* Project object */ = {
			isa = PBXProject;
			attributes = {
				LastSwiftUpdateCheck = 0720;
				LastUpgradeCheck = 0820;
				ORGANIZATIONNAME = iSyz;
				TargetAttributes = {
					75BF0B9C1CA28B2F000BAB8B = {
						CreatedOnToolsVersion = 7.2.1;
						LastSwiftMigration = 0820;
					};
				};
			};
			buildConfigurationList = 75BF0B981CA28B2F000BAB8B /* Build configuration list for PBXProject "CircularRefDemo_Swift" */;
			compatibilityVersion = "Xcode 3.2";
			developmentRegion = English;
			hasScannedForEncodings = 0;
			knownRegions = (
				en,
				Base,
			);
			mainGroup = 75BF0B941CA28B2F000BAB8B;
			productRefGroup = 75BF0B9E1CA28B2F000BAB8B /* Products */;
			projectDirPath = "";
			projectRoot = "";
			targets = (
				75BF0B9C1CA28B2F000BAB8B /* CircularRefDemo_Swift */,
			);
		};
/* End PBXProject section */

/* Begin PBXResourcesBuildPhase section */
		75BF0B9B1CA28B2F000BAB8B /* Resources */ = {
			isa = PBXResourcesBuildPhase;
			buildActionMask = 2147483647;
			files = (
				75BF0BAB1CA28B2F000BAB8B /* LaunchScreen.storyboard in Resources */,
				75BF0BA81CA28B2F000BAB8B /* Assets.xcassets in Resources */,
				75BF0BA61CA28B2F000BAB8B /* Main.storyboard in Resources */,
			);
			runOnlyForDeploymentPostprocessing = 0;
		};
/* End PBXResourcesBuildPhase section */

/* Begin PBXSourcesBuildPhase section */
		75BF0B991CA28B2F000BAB8B /* Sources */ = {
			isa = PBXSourcesBuildPhase;
			buildActionMask = 2147483647;
			files = (
				75BF0BB31CA28B64000BAB8B /* OneViewController.swift in Sources */,
				75BF0BA31CA28B2F000BAB8B /* ViewController.swift in Sources */,
				75BF0BA11CA28B2F000BAB8B /* AppDelegate.swift in Sources */,
				75BF0BB51CA28B79000BAB8B /* TwoViewController.swift in Sources */,
				75BF0BB71CA28B87000BAB8B /* ThreeViewController.swift in Sources */,
			);
			runOnlyForDeploymentPostprocessing = 0;
		};
/* End PBXSourcesBuildPhase section */

/* Begin PBXVariantGroup section */
		75BF0BA41CA28B2F000BAB8B /* Main.storyboard */ = {
			isa = PBXVariantGroup;
			children = (
				75BF0BA51CA28B2F000BAB8B /* Base */,
			);
			name = Main.storyboard;
			sourceTree = "<group>";
		};
		75BF0BA91CA28B2F000BAB8B /* LaunchScreen.storyboard */ = {
			isa = PBXVariantGroup;
			children = (
				75BF0BAA1CA28B2F000BAB8B /* Base */,
			);
			name = LaunchScreen.storyboard;
			sourceTree = "<group>";
		};
/* End PBXVariantGroup section */

/* Begin XCBuildConfiguration section */
		75BF0BAD1CA28B2F000BAB8B /* Debug */ = {
			isa = XCBuildConfiguration;
			buildSettings = {
				ALWAYS_SEARCH_USER_PATHS = NO;
				CLANG_CXX_LANGUAGE_STANDARD = "gnu++0x";
				CLANG_CXX_LIBRARY = "libc++";
				CLANG_ENABLE_MODULES = YES;
				CLANG_ENABLE_OBJC_ARC = YES;
				CLANG_WARN_BOOL_CONVERSION = YES;
				CLANG_WARN_CONSTANT_CONVERSION = YES;
				CLANG_WARN_DIRECT_OBJC_ISA_USAGE = YES_ERROR;
				CLANG_WARN_EMPTY_BODY = YES;
				CLANG_WARN_ENUM_CONVERSION = YES;
				CLANG_WARN_INFINITE_RECURSION = YES;
				CLANG_WARN_INT_CONVERSION = YES;
				CLANG_WARN_OBJC_ROOT_CLASS = YES_ERROR;
				CLANG_WARN_SUSPICIOUS_MOVE = YES;
				CLANG_WARN_UNREACHABLE_CODE = YES;
				CLANG_WARN__DUPLICATE_METHOD_MATCH = YES;
				"CODE_SIGN_IDENTITY[sdk=iphoneos*]" = "iPhone Developer";
				COPY_PHASE_STRIP = NO;
				DEBUG_INFORMATION_FORMAT = dwarf;
				ENABLE_STRICT_OBJC_MSGSEND = YES;
				ENABLE_TESTABILITY = YES;
				GCC_C_LANGUAGE_STANDARD = gnu99;
				GCC_DYNAMIC_NO_PIC = NO;
				GCC_NO_COMMON_BLOCKS = YES;
				GCC_OPTIMIZATION_LEVEL = 0;
				GCC_PREPROCESSOR_DEFINITIONS = (
					"DEBUG=1",
					"$(inherited)",
				);
				GCC_WARN_64_TO_32_BIT_CONVERSION = YES;
				GCC_WARN_ABOUT_RETURN_TYPE = YES_ERROR;
				GCC_WARN_UNDECLARED_SELECTOR = YES;
				GCC_WARN_UNINITIALIZED_AUTOS = YES_AGGRESSIVE;
				GCC_WARN_UNUSED_FUNCTION = YES;
				GCC_WARN_UNUSED_VARIABLE = YES;
				IPHONEOS_DEPLOYMENT_TARGET = 9.2;
				MTL_ENABLE_DEBUG_INFO = YES;
				ONLY_ACTIVE_ARCH = YES;
				SDKROOT = iphoneos;
				SWIFT_OPTIMIZATION_LEVEL = "-Onone";
			};
			name = Debug;
		};
		75BF0BAE1CA28B2F000BAB8B /* Release */ = {
			isa = XCBuildConfiguration;
			buildSettings = {
				ALWAYS_SEARCH_USER_PATHS = NO;
				CLANG_CXX_LANGUAGE_STANDARD = "gnu++0x";
				CLANG_CXX_LIBRARY = "libc++";
				CLANG_ENABLE_MODULES = YES;
				CLANG_ENABLE_OBJC_ARC = YES;
				CLANG_WARN_BOOL_CONVERSION = YES;
				CLANG_WARN_CONSTANT_CONVERSION = YES;
				CLANG_WARN_DIRECT_OBJC_ISA_USAGE = YES_ERROR;
				CLANG_WARN_EMPTY_BODY = YES;
				CLANG_WARN_ENUM_CONVERSION = YES;
				CLANG_WARN_INFINITE_RECURSION = YES;
				CLANG_WARN_INT_CONVERSION = YES;
				CLANG_WARN_OBJC_ROOT_CLASS = YES_ERROR;
				CLANG_WARN_SUSPICIOUS_MOVE = YES;
				CLANG_WARN_UNREACHABLE_CODE = YES;
				CLANG_WARN__DUPLICATE_METHOD_MATCH = YES;
				"CODE_SIGN_IDENTITY[sdk=iphoneos*]" = "iPhone Developer";
				COPY_PHASE_STRIP = NO;
				DEBUG_INFORMATION_FORMAT = "dwarf-with-dsym";
				ENABLE_NS_ASSERTIONS = NO;
				ENABLE_STRICT_OBJC_MSGSEND = YES;
				GCC_C_LANGUAGE_STANDARD = gnu99;
				GCC_NO_COMMON_BLOCKS = YES;
				GCC_WARN_64_TO_32_BIT_CONVERSION = YES;
				GCC_WARN_ABOUT_RETURN_TYPE = YES_ERROR;
				GCC_WARN_UNDECLARED_SELECTOR = YES;
				GCC_WARN_UNINITIALIZED_AUTOS = YES_AGGRESSIVE;
				GCC_WARN_UNUSED_FUNCTION = YES;
				GCC_WARN_UNUSED_VARIABLE = YES;
				IPHONEOS_DEPLOYMENT_TARGET = 9.2;
				MTL_ENABLE_DEBUG_INFO = NO;
				SDKROOT = iphoneos;
				SWIFT_OPTIMIZATION_LEVEL = "-Owholemodule";
				VALIDATE_PRODUCT = YES;
			};
			name = Release;
		};
		75BF0BB01CA28B2F000BAB8B /* Debug */ = {
			isa = XCBuildConfiguration;
			buildSettings = {
				ASSETCATALOG_COMPILER_APPICON_NAME = AppIcon;
				INFOPLIST_FILE = CircularRefDemo_Swift/Info.plist;
				LD_RUNPATH_SEARCH_PATHS = "$(inherited) @executable_path/Frameworks";
				PRODUCT_BUNDLE_IDENTIFIER = "com.isyz.CircularRefDemo-Swift";
				PRODUCT_NAME = "$(TARGET_NAME)";
				SWIFT_VERSION = 3.0;
			};
			name = Debug;
		};
		75BF0BB11CA28B2F000BAB8B /* Release */ = {
			isa = XCBuildConfiguration;
			buildSettings = {
				ASSETCATALOG_COMPILER_APPICON_NAME = AppIcon;
				INFOPLIST_FILE = CircularRefDemo_Swift/Info.plist;
				LD_RUNPATH_SEARCH_PATHS = "$(inherited) @executable_path/Frameworks";
				PRODUCT_BUNDLE_IDENTIFIER = "com.isyz.CircularRefDemo-Swift";
				PRODUCT_NAME = "$(TARGET_NAME)";
				SWIFT_VERSION = 3.0;
			};
			name = Release;
		};
/* End XCBuildConfiguration section */

/* Begin XCConfigurationList section */
		75BF0B981CA28B2F000BAB8B /* Build configuration list for PBXProject "CircularRefDemo_Swift" */ = {
			isa = XCConfigurationList;
			buildConfigurations = (
				75BF0BAD1CA28B2F000BAB8B /* Debug */,
				75BF0BAE1CA28B2F000BAB8B /* Release */,
			);
			defaultConfigurationIsVisible = 0;
			defaultConfigurationName = Release;
		};
		75BF0BAF1CA28B2F000BAB8B /* Build configuration list for PBXNativeTarget "CircularRefDemo_Swift" */ = {
			isa = XCConfigurationList;
			buildConfigurations = (
				75BF0BB01CA28B2F000BAB8B /* Debug */,
				75BF0BB11CA28B2F000BAB8B /* Release */,
			);
			defaultConfigurationIsVisible = 0;
			defaultConfigurationName = Release;
		};
/* End XCConfigurationList section */
	};
	rootObject = 75BF0B951CA28B2F000BAB8B /* Project object */;
}
